
Microsoft Visual Studio Solution File, Format Version 12.00
# Visual Studio Version 17
VisualStudioVersion = 17.11.35303.130
MinimumVisualStudioVersion = 10.0.40219.1
Project("{888888A0-9F3D-457C-B088-3A5042F75D52}") = "lab2-task1", "lab2-task1\lab2-task1.pyproj", "{2905E24E-DA4C-424F-863B-16812313086E}"
EndProject
Global
	GlobalSection(SolutionConfigurationPlatforms) = preSolution
		Debug|Any CPU = Debug|Any CPU
		Release|Any CPU = Release|Any CPU
	EndGlobalSection
	GlobalSection(ProjectConfigurationPlatforms) = postSolution
		{2905E24E-DA4C-424F-863B-16812313086E}.Debug|Any CPU.ActiveCfg = Debug|Any CPU
		{2905E24E-DA4C-424F-863B-16812313086E}.Release|Any CPU.ActiveCfg = Release|Any CPU
	EndGlobalSection
	GlobalSection(SolutionProperties) = preSolution
		HideSolutionNode = FALSE
	EndGlobalSection
	GlobalSection(ExtensibilityGlobals) = postSolution
		SolutionGuid = {8995F891-C0B8-4CB7-AE28-015C74772D0F}
	EndGlobalSection
EndGlobal
