
Microsoft Visual Studio Solution File, Format Version 12.00
# Visual Studio Version 17
VisualStudioVersion = 17.11.35303.130
MinimumVisualStudioVersion = 10.0.40219.1
Project("{FAE04EC0-301F-11D3-BF4B-00C04F79EFBC}") = "laba2-task4", "laba2-task4\laba2-task4.csproj", "{B77AAA48-600C-4EC8-B93B-918C952DFFF8}"
EndProject
Global
	GlobalSection(SolutionConfigurationPlatforms) = preSolution
		Debug|Any CPU = Debug|Any CPU
		Release|Any CPU = Release|Any CPU
	EndGlobalSection
	GlobalSection(ProjectConfigurationPlatforms) = postSolution
		{B77AAA48-600C-4EC8-B93B-918C952DFFF8}.Debug|Any CPU.ActiveCfg = Debug|Any CPU
		{B77AAA48-600C-4EC8-B93B-918C952DFFF8}.Debug|Any CPU.Build.0 = Debug|Any CPU
		{B77AAA48-600C-4EC8-B93B-918C952DFFF8}.Release|Any CPU.ActiveCfg = Release|Any CPU
		{B77AAA48-600C-4EC8-B93B-918C952DFFF8}.Release|Any CPU.Build.0 = Release|Any CPU
	EndGlobalSection
	GlobalSection(SolutionProperties) = preSolution
		HideSolutionNode = FALSE
	EndGlobalSection
	GlobalSection(ExtensibilityGlobals) = postSolution
		SolutionGuid = {06386AA2-02E5-4FD2-8AF2-AE07E1A818D2}
	EndGlobalSection
EndGlobal
