
Microsoft Visual Studio Solution File, Format Version 12.00
# Visual Studio Version 17
VisualStudioVersion = 17.11.35303.130
MinimumVisualStudioVersion = 10.0.40219.1
Project("{888888A0-9F3D-457C-B088-3A5042F75D52}") = "laba1-Python", "laba1-Python\laba1-Python.pyproj", "{C8130658-F2C9-41C4-BD8C-3E26FC844CD4}"
EndProject
Global
	GlobalSection(SolutionConfigurationPlatforms) = preSolution
		Debug|Any CPU = Debug|Any CPU
		Release|Any CPU = Release|Any CPU
	EndGlobalSection
	GlobalSection(ProjectConfigurationPlatforms) = postSolution
		{C8130658-F2C9-41C4-BD8C-3E26FC844CD4}.Debug|Any CPU.ActiveCfg = Debug|Any CPU
		{C8130658-F2C9-41C4-BD8C-3E26FC844CD4}.Release|Any CPU.ActiveCfg = Release|Any CPU
	EndGlobalSection
	GlobalSection(SolutionProperties) = preSolution
		HideSolutionNode = FALSE
	EndGlobalSection
	GlobalSection(ExtensibilityGlobals) = postSolution
		SolutionGuid = {2B045020-D37A-4C13-A547-2DA5FDD5130E}
	EndGlobalSection
EndGlobal
