
Microsoft Visual Studio Solution File, Format Version 12.00
# Visual Studio Version 17
VisualStudioVersion = 17.11.35303.130
MinimumVisualStudioVersion = 10.0.40219.1
Project("{FAE04EC0-301F-11D3-BF4B-00C04F79EFBC}") = "lab1 - chess", "lab1 - chess\lab1 - chess.csproj", "{EDF7C301-6BCE-4B5E-B030-956D24D8B426}"
EndProject
Global
	GlobalSection(SolutionConfigurationPlatforms) = preSolution
		Debug|Any CPU = Debug|Any CPU
		Release|Any CPU = Release|Any CPU
	EndGlobalSection
	GlobalSection(ProjectConfigurationPlatforms) = postSolution
		{EDF7C301-6BCE-4B5E-B030-956D24D8B426}.Debug|Any CPU.ActiveCfg = Debug|Any CPU
		{EDF7C301-6BCE-4B5E-B030-956D24D8B426}.Debug|Any CPU.Build.0 = Debug|Any CPU
		{EDF7C301-6BCE-4B5E-B030-956D24D8B426}.Release|Any CPU.ActiveCfg = Release|Any CPU
		{EDF7C301-6BCE-4B5E-B030-956D24D8B426}.Release|Any CPU.Build.0 = Release|Any CPU
	EndGlobalSection
	GlobalSection(SolutionProperties) = preSolution
		HideSolutionNode = FALSE
	EndGlobalSection
	GlobalSection(ExtensibilityGlobals) = postSolution
		SolutionGuid = {805C4D8C-C61F-4349-9379-A689EE6DAC97}
	EndGlobalSection
EndGlobal
